// !$*UTF8*$!
{
	archiveVersion = 1;
	classes = {
	};
	objectVersion = 46;
	objects = {

/* Begin PBXBuildFile section */
		273ED66D1E15354200DC07BB /* CameraController.swift in Sources */ = {isa = PBXBuildFile; fileRef = 273ED66C1E15354200DC07BB /* CameraController.swift */; };
		276891491E14187B00444371 /* AppDelegate.swift in Sources */ = {isa = PBXBuildFile; fileRef = 276891481E14187B00444371 /* AppDelegate.swift */; };
		2768914B1E14187B00444371 /* FirstViewController.swift in Sources */ = {isa = PBXBuildFile; fileRef = 2768914A1E14187B00444371 /* FirstViewController.swift */; };
		2768914D1E14187B00444371 /* EditViewController1.swift in Sources */ = {isa = PBXBuildFile; fileRef = 2768914C1E14187B00444371 /* EditViewController1.swift */; };
		276891501E14187B00444371 /* Main.storyboard in Resources */ = {isa = PBXBuildFile; fileRef = 2768914E1E14187B00444371 /* Main.storyboard */; };
		276891521E14187B00444371 /* Assets.xcassets in Resources */ = {isa = PBXBuildFile; fileRef = 276891511E14187B00444371 /* Assets.xcassets */; };
		276891551E14187B00444371 /* LaunchScreen.storyboard in Resources */ = {isa = PBXBuildFile; fileRef = 276891531E14187B00444371 /* LaunchScreen.storyboard */; };
		276891601E14187B00444371 /* BusinessCardsTests.swift in Sources */ = {isa = PBXBuildFile; fileRef = 2768915F1E14187B00444371 /* BusinessCardsTests.swift */; };
		2768916B1E14187B00444371 /* BusinessCardsUITests.swift in Sources */ = {isa = PBXBuildFile; fileRef = 2768916A1E14187B00444371 /* BusinessCardsUITests.swift */; };
		27EAA0371E1559F80011201D /* TableViewController.swift in Sources */ = {isa = PBXBuildFile; fileRef = 27EAA0361E1559F80011201D /* TableViewController.swift */; };
		27EAA0391E155FB90011201D /* SwiftyJSON.swift in Sources */ = {isa = PBXBuildFile; fileRef = 27EAA0381E155FB90011201D /* SwiftyJSON.swift */; };
/* End PBXBuildFile section */

/* Begin PBXContainerItemProxy section */
		2768915C1E14187B00444371 /* PBXContainerItemProxy */ = {
			isa = PBXContainerItemProxy;
			containerPortal = 2768913D1E14187A00444371 /* Project object */;
			proxyType = 1;
			remoteGlobalIDString = 276891441E14187A00444371;
			remoteInfo = BusinessCards;
		};
		276891671E14187B00444371 /* PBXContainerItemProxy */ = {
			isa = PBXContainerItemProxy;
			containerPortal = 2768913D1E14187A00444371 /* Project object */;
			proxyType = 1;
			remoteGlobalIDString = 276891441E14187A00444371;
			remoteInfo = BusinessCards;
		};
/* End PBXContainerItemProxy section */

/* Begin PBXFileReference section */
		273ED66C1E15354200DC07BB /* CameraController.swift */ = {isa = PBXFileReference; fileEncoding = 4; lastKnownFileType = sourcecode.swift; path = CameraController.swift; sourceTree = "<group>"; };
		276891451E14187B00444371 /* BusinessCards.app */ = {isa = PBXFileReference; explicitFileType = wrapper.application; includeInIndex = 0; path = BusinessCards.app; sourceTree = BUILT_PRODUCTS_DIR; };
		276891481E14187B00444371 /* AppDelegate.swift */ = {isa = PBXFileReference; lastKnownFileType = sourcecode.swift; path = AppDelegate.swift; sourceTree = "<group>"; };
		2768914A1E14187B00444371 /* FirstViewController.swift */ = {isa = PBXFileReference; lastKnownFileType = sourcecode.swift; path = FirstViewController.swift; sourceTree = "<group>"; };
		2768914C1E14187B00444371 /* EditViewController1.swift */ = {isa = PBXFileReference; lastKnownFileType = sourcecode.swift; path = EditViewController1.swift; sourceTree = "<group>"; };
		2768914F1E14187B00444371 /* Base */ = {isa = PBXFileReference; lastKnownFileType = file.storyboard; name = Base; path = Base.lproj/Main.storyboard; sourceTree = "<group>"; };
		276891511E14187B00444371 /* Assets.xcassets */ = {isa = PBXFileReference; lastKnownFileType = folder.assetcatalog; path = Assets.xcassets; sourceTree = "<group>"; };
		276891541E14187B00444371 /* Base */ = {isa = PBXFileReference; lastKnownFileType = file.storyboard; name = Base; path = Base.lproj/LaunchScreen.storyboard; sourceTree = "<group>"; };
		276891561E14187B00444371 /* Info.plist */ = {isa = PBXFileReference; lastKnownFileType = text.plist.xml; path = Info.plist; sourceTree = "<group>"; };
		2768915B1E14187B00444371 /* BusinessCardsTests.xctest */ = {isa = PBXFileReference; explicitFileType = wrapper.cfbundle; includeInIndex = 0; path = BusinessCardsTests.xctest; sourceTree = BUILT_PRODUCTS_DIR; };
		2768915F1E14187B00444371 /* BusinessCardsTests.swift */ = {isa = PBXFileReference; lastKnownFileType = sourcecode.swift; path = BusinessCardsTests.swift; sourceTree = "<group>"; };
		276891611E14187B00444371 /* Info.plist */ = {isa = PBXFileReference; lastKnownFileType = text.plist.xml; path = Info.plist; sourceTree = "<group>"; };
		276891661E14187B00444371 /* BusinessCardsUITests.xctest */ = {isa = PBXFileReference; explicitFileType = wrapper.cfbundle; includeInIndex = 0; path = BusinessCardsUITests.xctest; sourceTree = BUILT_PRODUCTS_DIR; };
		2768916A1E14187B00444371 /* BusinessCardsUITests.swift */ = {isa = PBXFileReference; lastKnownFileType = sourcecode.swift; path = BusinessCardsUITests.swift; sourceTree = "<group>"; };
		2768916C1E14187B00444371 /* Info.plist */ = {isa = PBXFileReference; lastKnownFileType = text.plist.xml; path = Info.plist; sourceTree = "<group>"; };
		27EAA0361E1559F80011201D /* TableViewController.swift */ = {isa = PBXFileReference; fileEncoding = 4; lastKnownFileType = sourcecode.swift; path = TableViewController.swift; sourceTree = "<group>"; };
		27EAA0381E155FB90011201D /* SwiftyJSON.swift */ = {isa = PBXFileReference; fileEncoding = 4; lastKnownFileType = sourcecode.swift; path = SwiftyJSON.swift; sourceTree = "<group>"; };
/* End PBXFileReference section */

/* Begin PBXFrameworksBuildPhase section */
		276891421E14187A00444371 /* Frameworks */ = {
			isa = PBXFrameworksBuildPhase;
			buildActionMask = 2147483647;
			files = (
			);
			runOnlyForDeploymentPostprocessing = 0;
		};
		276891581E14187B00444371 /* Frameworks */ = {
			isa = PBXFrameworksBuildPhase;
			buildActionMask = 2147483647;
			files = (
			);
			runOnlyForDeploymentPostprocessing = 0;
		};
		276891631E14187B00444371 /* Frameworks */ = {
			isa = PBXFrameworksBuildPhase;
			buildActionMask = 2147483647;
			files = (
			);
			runOnlyForDeploymentPostprocessing = 0;
		};
/* End PBXFrameworksBuildPhase section */

/* Begin PBXGroup section */
		2768913C1E14187A00444371 = {
			isa = PBXGroup;
			children = (
				276891471E14187B00444371 /* BusinessCards */,
				2768915E1E14187B00444371 /* BusinessCardsTests */,
				276891691E14187B00444371 /* BusinessCardsUITests */,
				276891461E14187B00444371 /* Products */,
			);
			sourceTree = "<group>";
		};
		276891461E14187B00444371 /* Products */ = {
			isa = PBXGroup;
			children = (
				276891451E14187B00444371 /* BusinessCards.app */,
				2768915B1E14187B00444371 /* BusinessCardsTests.xctest */,
				276891661E14187B00444371 /* BusinessCardsUITests.xctest */,
			);
			name = Products;
			sourceTree = "<group>";
		};
		276891471E14187B00444371 /* BusinessCards */ = {
			isa = PBXGroup;
			children = (
				276891481E14187B00444371 /* AppDelegate.swift */,
				2768914A1E14187B00444371 /* FirstViewController.swift */,
				27EAA0381E155FB90011201D /* SwiftyJSON.swift */,
				2768914C1E14187B00444371 /* EditViewController1.swift */,
				2768914E1E14187B00444371 /* Main.storyboard */,
				27EAA0361E1559F80011201D /* TableViewController.swift */,
				273ED66C1E15354200DC07BB /* CameraController.swift */,
				276891511E14187B00444371 /* Assets.xcassets */,
				276891531E14187B00444371 /* LaunchScreen.storyboard */,
				276891561E14187B00444371 /* Info.plist */,
			);
			path = BusinessCards;
			sourceTree = "<group>";
		};
		2768915E1E14187B00444371 /* BusinessCardsTests */ = {
			isa = PBXGroup;
			children = (
				2768915F1E14187B00444371 /* BusinessCardsTests.swift */,
				276891611E14187B00444371 /* Info.plist */,
			);
			path = BusinessCardsTests;
			sourceTree = "<group>";
		};
		276891691E14187B00444371 /* BusinessCardsUITests */ = {
			isa = PBXGroup;
			children = (
				2768916A1E14187B00444371 /* BusinessCardsUITests.swift */,
				2768916C1E14187B00444371 /* Info.plist */,
			);
			path = BusinessCardsUITests;
			sourceTree = "<group>";
		};
/* End PBXGroup section */

/* Begin PBXNativeTarget section */
		276891441E14187A00444371 /* BusinessCards */ = {
			isa = PBXNativeTarget;
			buildConfigurationList = 2768916F1E14187B00444371 /* Build configuration list for PBXNativeTarget "BusinessCards" */;
			buildPhases = (
				276891411E14187A00444371 /* Sources */,
				276891421E14187A00444371 /* Frameworks */,
				276891431E14187A00444371 /* Resources */,
			);
			buildRules = (
			);
			dependencies = (
			);
			name = BusinessCards;
			productName = BusinessCards;
			productReference = 276891451E14187B00444371 /* BusinessCards.app */;
			productType = "com.apple.product-type.application";
		};
		2768915A1E14187B00444371 /* BusinessCardsTests */ = {
			isa = PBXNativeTarget;
			buildConfigurationList = 276891721E14187B00444371 /* Build configuration list for PBXNativeTarget "BusinessCardsTests" */;
			buildPhases = (
				276891571E14187B00444371 /* Sources */,
				276891581E14187B00444371 /* Frameworks */,
				276891591E14187B00444371 /* Resources */,
			);
			buildRules = (
			);
			dependencies = (
				2768915D1E14187B00444371 /* PBXTargetDependency */,
			);
			name = BusinessCardsTests;
			productName = BusinessCardsTests;
			productReference = 2768915B1E14187B00444371 /* BusinessCardsTests.xctest */;
			productType = "com.apple.product-type.bundle.unit-test";
		};
		276891651E14187B00444371 /* BusinessCardsUITests */ = {
			isa = PBXNativeTarget;
			buildConfigurationList = 276891751E14187B00444371 /* Build configuration list for PBXNativeTarget "BusinessCardsUITests" */;
			buildPhases = (
				276891621E14187B00444371 /* Sources */,
				276891631E14187B00444371 /* Frameworks */,
				276891641E14187B00444371 /* Resources */,
			);
			buildRules = (
			);
			dependencies = (
				276891681E14187B00444371 /* PBXTargetDependency */,
			);
			name = BusinessCardsUITests;
			productName = BusinessCardsUITests;
			productReference = 276891661E14187B00444371 /* BusinessCardsUITests.xctest */;
			productType = "com.apple.product-type.bundle.ui-testing";
		};
/* End PBXNativeTarget section */

/* Begin PBXProject section */
		2768913D1E14187A00444371 /* Project object */ = {
			isa = PBXProject;
			attributes = {
				LastSwiftUpdateCheck = 0810;
				LastUpgradeCheck = 0810;
				ORGANIZATIONNAME = Ajani;
				TargetAttributes = {
					276891441E14187A00444371 = {
						CreatedOnToolsVersion = 8.1;
						DevelopmentTeam = FF2LUEDC49;
						ProvisioningStyle = Automatic;
					};
					2768915A1E14187B00444371 = {
						CreatedOnToolsVersion = 8.1;
						ProvisioningStyle = Automatic;
						TestTargetID = 276891441E14187A00444371;
					};
					276891651E14187B00444371 = {
						CreatedOnToolsVersion = 8.1;
						ProvisioningStyle = Automatic;
						TestTargetID = 276891441E14187A00444371;
					};
				};
			};
			buildConfigurationList = 276891401E14187A00444371 /* Build configuration list for PBXProject "BusinessCards" */;
			compatibilityVersion = "Xcode 3.2";
			developmentRegion = English;
			hasScannedForEncodings = 0;
			knownRegions = (
				en,
				Base,
			);
			mainGroup = 2768913C1E14187A00444371;
			productRefGroup = 276891461E14187B00444371 /* Products */;
			projectDirPath = "";
			projectRoot = "";
			targets = (
				276891441E14187A00444371 /* BusinessCards */,
				2768915A1E14187B00444371 /* BusinessCardsTests */,
				276891651E14187B00444371 /* BusinessCardsUITests */,
			);
		};
/* End PBXProject section */

/* Begin PBXResourcesBuildPhase section */
		276891431E14187A00444371 /* Resources */ = {
			isa = PBXResourcesBuildPhase;
			buildActionMask = 2147483647;
			files = (
				276891551E14187B00444371 /* LaunchScreen.storyboard in Resources */,
				276891521E14187B00444371 /* Assets.xcassets in Resources */,
				276891501E14187B00444371 /* Main.storyboard in Resources */,
			);
			runOnlyForDeploymentPostprocessing = 0;
		};
		276891591E14187B00444371 /* Resources */ = {
			isa = PBXResourcesBuildPhase;
			buildActionMask = 2147483647;
			files = (
			);
			runOnlyForDeploymentPostprocessing = 0;
		};
		276891641E14187B00444371 /* Resources */ = {
			isa = PBXResourcesBuildPhase;
			buildActionMask = 2147483647;
			files = (
			);
			runOnlyForDeploymentPostprocessing = 0;
		};
/* End PBXResourcesBuildPhase section */

/* Begin PBXSourcesBuildPhase section */
		276891411E14187A00444371 /* Sources */ = {
			isa = PBXSourcesBuildPhase;
			buildActionMask = 2147483647;
			files = (
				2768914D1E14187B00444371 /* EditViewController1.swift in Sources */,
				276891491E14187B00444371 /* AppDelegate.swift in Sources */,
				273ED66D1E15354200DC07BB /* CameraController.swift in Sources */,
				27EAA0391E155FB90011201D /* SwiftyJSON.swift in Sources */,
				27EAA0371E1559F80011201D /* TableViewController.swift in Sources */,
				2768914B1E14187B00444371 /* FirstViewController.swift in Sources */,
			);
			runOnlyForDeploymentPostprocessing = 0;
		};
		276891571E14187B00444371 /* Sources */ = {
			isa = PBXSourcesBuildPhase;
			buildActionMask = 2147483647;
			files = (
				276891601E14187B00444371 /* BusinessCardsTests.swift in Sources */,
			);
			runOnlyForDeploymentPostprocessing = 0;
		};
		276891621E14187B00444371 /* Sources */ = {
			isa = PBXSourcesBuildPhase;
			buildActionMask = 2147483647;
			files = (
				2768916B1E14187B00444371 /* BusinessCardsUITests.swift in Sources */,
			);
			runOnlyForDeploymentPostprocessing = 0;
		};
/* End PBXSourcesBuildPhase section */

/* Begin PBXTargetDependency section */
		2768915D1E14187B00444371 /* PBXTargetDependency */ = {
			isa = PBXTargetDependency;
			target = 276891441E14187A00444371 /* BusinessCards */;
			targetProxy = 2768915C1E14187B00444371 /* PBXContainerItemProxy */;
		};
		276891681E14187B00444371 /* PBXTargetDependency */ = {
			isa = PBXTargetDependency;
			target = 276891441E14187A00444371 /* BusinessCards */;
			targetProxy = 276891671E14187B00444371 /* PBXContainerItemProxy */;
		};
/* End PBXTargetDependency section */

/* Begin PBXVariantGroup section */
		2768914E1E14187B00444371 /* Main.storyboard */ = {
			isa = PBXVariantGroup;
			children = (
				2768914F1E14187B00444371 /* Base */,
			);
			name = Main.storyboard;
			sourceTree = "<group>";
		};
		276891531E14187B00444371 /* LaunchScreen.storyboard */ = {
			isa = PBXVariantGroup;
			children = (
				276891541E14187B00444371 /* Base */,
			);
			name = LaunchScreen.storyboard;
			sourceTree = "<group>";
		};
/* End PBXVariantGroup section */

/* Begin XCBuildConfiguration section */
		2768916D1E14187B00444371 /* Debug */ = {
			isa = XCBuildConfiguration;
			buildSettings = {
				ALWAYS_SEARCH_USER_PATHS = NO;
				CLANG_ANALYZER_NONNULL = YES;
				CLANG_CXX_LANGUAGE_STANDARD = "gnu++0x";
				CLANG_CXX_LIBRARY = "libc++";
				CLANG_ENABLE_MODULES = YES;
				CLANG_ENABLE_OBJC_ARC = YES;
				CLANG_WARN_BOOL_CONVERSION = YES;
				CLANG_WARN_CONSTANT_CONVERSION = YES;
				CLANG_WARN_DIRECT_OBJC_ISA_USAGE = YES_ERROR;
				CLANG_WARN_DOCUMENTATION_COMMENTS = YES;
				CLANG_WARN_EMPTY_BODY = YES;
				CLANG_WARN_ENUM_CONVERSION = YES;
				CLANG_WARN_INFINITE_RECURSION = YES;
				CLANG_WARN_INT_CONVERSION = YES;
				CLANG_WARN_OBJC_ROOT_CLASS = YES_ERROR;
				CLANG_WARN_SUSPICIOUS_MOVES = YES;
				CLANG_WARN_UNREACHABLE_CODE = YES;
				CLANG_WARN__DUPLICATE_METHOD_MATCH = YES;
				"CODE_SIGN_IDENTITY[sdk=iphoneos*]" = "iPhone Developer";
				COPY_PHASE_STRIP = NO;
				DEBUG_INFORMATION_FORMAT = dwarf;
				ENABLE_STRICT_OBJC_MSGSEND = YES;
				ENABLE_TESTABILITY = YES;
				GCC_C_LANGUAGE_STANDARD = gnu99;
				GCC_DYNAMIC_NO_PIC = NO;
				GCC_NO_COMMON_BLOCKS = YES;
				GCC_OPTIMIZATION_LEVEL = 0;
				GCC_PREPROCESSOR_DEFINITIONS = (
					"DEBUG=1",
					"$(inherited)",
				);
				GCC_WARN_64_TO_32_BIT_CONVERSION = YES;
				GCC_WARN_ABOUT_RETURN_TYPE = YES_ERROR;
				GCC_WARN_UNDECLARED_SELECTOR = YES;
				GCC_WARN_UNINITIALIZED_AUTOS = YES_AGGRESSIVE;
				GCC_WARN_UNUSED_FUNCTION = YES;
				GCC_WARN_UNUSED_VARIABLE = YES;
				IPHONEOS_DEPLOYMENT_TARGET = 10.1;
				MTL_ENABLE_DEBUG_INFO = YES;
				ONLY_ACTIVE_ARCH = YES;
				SDKROOT = iphoneos;
				SWIFT_ACTIVE_COMPILATION_CONDITIONS = DEBUG;
				SWIFT_OPTIMIZATION_LEVEL = "-Onone";
				TARGETED_DEVICE_FAMILY = "1,2";
			};
			name = Debug;
		};
		2768916E1E14187B00444371 /* Release */ = {
			isa = XCBuildConfiguration;
			buildSettings = {
				ALWAYS_SEARCH_USER_PATHS = NO;
				CLANG_ANALYZER_NONNULL = YES;
				CLANG_CXX_LANGUAGE_STANDARD = "gnu++0x";
				CLANG_CXX_LIBRARY = "libc++";
				CLANG_ENABLE_MODULES = YES;
				CLANG_ENABLE_OBJC_ARC = YES;
				CLANG_WARN_BOOL_CONVERSION = YES;
				CLANG_WARN_CONSTANT_CONVERSION = YES;
				CLANG_WARN_DIRECT_OBJC_ISA_USAGE = YES_ERROR;
				CLANG_WARN_DOCUMENTATION_COMMENTS = YES;
				CLANG_WARN_EMPTY_BODY = YES;
				CLANG_WARN_ENUM_CONVERSION = YES;
				CLANG_WARN_INFINITE_RECURSION = YES;
				CLANG_WARN_INT_CONVERSION = YES;
				CLANG_WARN_OBJC_ROOT_CLASS = YES_ERROR;
				CLANG_WARN_SUSPICIOUS_MOVES = YES;
				CLANG_WARN_UNREACHABLE_CODE = YES;
				CLANG_WARN__DUPLICATE_METHOD_MATCH = YES;
				"CODE_SIGN_IDENTITY[sdk=iphoneos*]" = "iPhone Developer";
				COPY_PHASE_STRIP = NO;
				DEBUG_INFORMATION_FORMAT = "dwarf-with-dsym";
				ENABLE_NS_ASSERTIONS = NO;
				ENABLE_STRICT_OBJC_MSGSEND = YES;
				GCC_C_LANGUAGE_STANDARD = gnu99;
				GCC_NO_COMMON_BLOCKS = YES;
				GCC_WARN_64_TO_32_BIT_CONVERSION = YES;
				GCC_WARN_ABOUT_RETURN_TYPE = YES_ERROR;
				GCC_WARN_UNDECLARED_SELECTOR = YES;
				GCC_WARN_UNINITIALIZED_AUTOS = YES_AGGRESSIVE;
				GCC_WARN_UNUSED_FUNCTION = YES;
				GCC_WARN_UNUSED_VARIABLE = YES;
				IPHONEOS_DEPLOYMENT_TARGET = 10.1;
				MTL_ENABLE_DEBUG_INFO = NO;
				SDKROOT = iphoneos;
				SWIFT_OPTIMIZATION_LEVEL = "-Owholemodule";
				TARGETED_DEVICE_FAMILY = "1,2";
				VALIDATE_PRODUCT = YES;
			};
			name = Release;
		};
		276891701E14187B00444371 /* Debug */ = {
			isa = XCBuildConfiguration;
			buildSettings = {
				ASSETCATALOG_COMPILER_APPICON_NAME = AppIcon;
				DEVELOPMENT_TEAM = FF2LUEDC49;
				INFOPLIST_FILE = BusinessCards/Info.plist;
				IPHONEOS_DEPLOYMENT_TARGET = 9.3;
				LD_RUNPATH_SEARCH_PATHS = "$(inherited) @executable_path/Frameworks";
				PRODUCT_BUNDLE_IDENTIFIER = abab.BusinessCards;
				PRODUCT_NAME = "$(TARGET_NAME)";
				SWIFT_VERSION = 3.0;
				TARGETED_DEVICE_FAMILY = 2;
			};
			name = Debug;
		};
		276891711E14187B00444371 /* Release */ = {
			isa = XCBuildConfiguration;
			buildSettings = {
				ASSETCATALOG_COMPILER_APPICON_NAME = AppIcon;
				DEVELOPMENT_TEAM = FF2LUEDC49;
				INFOPLIST_FILE = BusinessCards/Info.plist;
				IPHONEOS_DEPLOYMENT_TARGET = 9.3;
				LD_RUNPATH_SEARCH_PATHS = "$(inherited) @executable_path/Frameworks";
				PRODUCT_BUNDLE_IDENTIFIER = abab.BusinessCards;
				PRODUCT_NAME = "$(TARGET_NAME)";
				SWIFT_VERSION = 3.0;
				TARGETED_DEVICE_FAMILY = 2;
			};
			name = Release;
		};
		276891731E14187B00444371 /* Debug */ = {
			isa = XCBuildConfiguration;
			buildSettings = {
				ALWAYS_EMBED_SWIFT_STANDARD_LIBRARIES = YES;
				BUNDLE_LOADER = "$(TEST_HOST)";
				INFOPLIST_FILE = BusinessCardsTests/Info.plist;
				LD_RUNPATH_SEARCH_PATHS = "$(inherited) @executable_path/Frameworks @loader_path/Frameworks";
				PRODUCT_BUNDLE_IDENTIFIER = abab.BusinessCardsTests;
				PRODUCT_NAME = "$(TARGET_NAME)";
				SWIFT_VERSION = 3.0;
				TEST_HOST = "$(BUILT_PRODUCTS_DIR)/BusinessCards.app/BusinessCards";
			};
			name = Debug;
		};
		276891741E14187B00444371 /* Release */ = {
			isa = XCBuildConfiguration;
			buildSettings = {
				ALWAYS_EMBED_SWIFT_STANDARD_LIBRARIES = YES;
				BUNDLE_LOADER = "$(TEST_HOST)";
				INFOPLIST_FILE = BusinessCardsTests/Info.plist;
				LD_RUNPATH_SEARCH_PATHS = "$(inherited) @executable_path/Frameworks @loader_path/Frameworks";
				PRODUCT_BUNDLE_IDENTIFIER = abab.BusinessCardsTests;
				PRODUCT_NAME = "$(TARGET_NAME)";
				SWIFT_VERSION = 3.0;
				TEST_HOST = "$(BUILT_PRODUCTS_DIR)/BusinessCards.app/BusinessCards";
			};
			name = Release;
		};
		276891761E14187B00444371 /* Debug */ = {
			isa = XCBuildConfiguration;
			buildSettings = {
				ALWAYS_EMBED_SWIFT_STANDARD_LIBRARIES = YES;
				INFOPLIST_FILE = BusinessCardsUITests/Info.plist;
				LD_RUNPATH_SEARCH_PATHS = "$(inherited) @executable_path/Frameworks @loader_path/Frameworks";
				PRODUCT_BUNDLE_IDENTIFIER = abab.BusinessCardsUITests;
				PRODUCT_NAME = "$(TARGET_NAME)";
				SWIFT_VERSION = 3.0;
				TEST_TARGET_NAME = BusinessCards;
			};
			name = Debug;
		};
		276891771E14187B00444371 /* Release */ = {
			isa = XCBuildConfiguration;
			buildSettings = {
				ALWAYS_EMBED_SWIFT_STANDARD_LIBRARIES = YES;
				INFOPLIST_FILE = BusinessCardsUITests/Info.plist;
				LD_RUNPATH_SEARCH_PATHS = "$(inherited) @executable_path/Frameworks @loader_path/Frameworks";
				PRODUCT_BUNDLE_IDENTIFIER = abab.BusinessCardsUITests;
				PRODUCT_NAME = "$(TARGET_NAME)";
				SWIFT_VERSION = 3.0;
				TEST_TARGET_NAME = BusinessCards;
			};
			name = Release;
		};
/* End XCBuildConfiguration section */

/* Begin XCConfigurationList section */
		276891401E14187A00444371 /* Build configuration list for PBXProject "BusinessCards" */ = {
			isa = XCConfigurationList;
			buildConfigurations = (
				2768916D1E14187B00444371 /* Debug */,
				2768916E1E14187B00444371 /* Release */,
			);
			defaultConfigurationIsVisible = 0;
			defaultConfigurationName = Release;
		};
		2768916F1E14187B00444371 /* Build configuration list for PBXNativeTarget "BusinessCards" */ = {
			isa = XCConfigurationList;
			buildConfigurations = (
				276891701E14187B00444371 /* Debug */,
				276891711E14187B00444371 /* Release */,
			);
			defaultConfigurationIsVisible = 0;
			defaultConfigurationName = Release;
		};
		276891721E14187B00444371 /* Build configuration list for PBXNativeTarget "BusinessCardsTests" */ = {
			isa = XCConfigurationList;
			buildConfigurations = (
				276891731E14187B00444371 /* Debug */,
				276891741E14187B00444371 /* Release */,
			);
			defaultConfigurationIsVisible = 0;
			defaultConfigurationName = Release;
		};
		276891751E14187B00444371 /* Build configuration list for PBXNativeTarget "BusinessCardsUITests" */ = {
			isa = XCConfigurationList;
			buildConfigurations = (
				276891761E14187B00444371 /* Debug */,
				276891771E14187B00444371 /* Release */,
			);
			defaultConfigurationIsVisible = 0;
			defaultConfigurationName = Release;
		};
/* End XCConfigurationList section */
	};
	rootObject = 2768913D1E14187A00444371 /* Project object */;
}
